{
    "_meta": {
        "hash": {
            "sha256": "6136c7e4edab4a65fbcc929cebbd34c28fb58a1a1f25875e5ff5c623a11009ab"
        },
        "pipfile-spec": 6,
        "requires": {
            "python_version": "3.7"
        },
        "sources": [
            {
                "name": "pypi",
                "url": "https://pypi.org/simple",
                "verify_ssl": true
            }
        ]
    },
    "default": {
        "beautifulsoup4": {
            "hashes": [
                "sha256:194ec62a25438adcb3fdb06378b26559eda1ea8a747367d34c33cef9c7f48d57",
                "sha256:90f8e61121d6ae58362ce3bed8cd997efb00c914eae0ff3d363c32f9a9822d10",
                "sha256:f0abd31228055d698bb392a826528ea08ebb9959e6bea17c606fd9c9009db938"
            ],
            "index": "pypi",
            "version": "==4.6.3"
        },
        "pdfkit": {
            "hashes": [
                "sha256:05f1c631e8d9ab877886955da825e48b459e097886a21448ab17b34c60cfd66c",
                "sha256:6a866c9659e62a81abd72cdb32b400762d76085b964beb0b15106d573a539677",
                "sha256:ef1da35b78d534197e7ce4a604a4a190e9aa769e56634957535f3479a50d8cd1"
            ],
            "index": "pypi",
            "version": "==0.6.1"
        },
        "six": {
            "hashes": [
                "sha256:70e8a77beed4562e7f14fe23a786b54f6296e34344c23bc42f07b15018ff98e9",
                "sha256:832dc0e10feb1aa2c68dcc57dbb658f1c7e65b9b61af69048abc87a2db00a0eb"
            ],
            "index": "pypi",
            "version": "==1.11.0"
        }
    },
    "develop": {}
}
